
Microsoft Visual Studio Solution File, Format Version 12.00
# Visual Studio Version 16
VisualStudioVersion = 16.0.29926.136
MinimumVisualStudioVersion = 10.0.40219.1
Project("{9A19103F-16F7-4668-BE54-9A1E7A4F7556}") = "webone", "WebOne.csproj", "{96497861-931F-4470-8E01-A23AB88EFB8A}"
EndProject
Global
	GlobalSection(SolutionConfigurationPlatforms) = preSolution
		Debug|Any CPU = Debug|Any CPU
		Release|Any CPU = Release|Any CPU
		ReleaseSC|Any CPU = ReleaseSC|Any CPU
	EndGlobalSection
	GlobalSection(ProjectConfigurationPlatforms) = postSolution
		{96497861-931F-4470-8E01-A23AB88EFB8A}.Debug|Any CPU.ActiveCfg = Debug|Any CPU
		{96497861-931F-4470-8E01-A23AB88EFB8A}.Debug|Any CPU.Build.0 = Debug|Any CPU
		{96497861-931F-4470-8E01-A23AB88EFB8A}.Release|Any CPU.ActiveCfg = Release|Any CPU
		{96497861-931F-4470-8E01-A23AB88EFB8A}.Release|Any CPU.Build.0 = Release|Any CPU
		{96497861-931F-4470-8E01-A23AB88EFB8A}.ReleaseSC|Any CPU.ActiveCfg = ReleaseSC|Any CPU
		{96497861-931F-4470-8E01-A23AB88EFB8A}.ReleaseSC|Any CPU.Build.0 = ReleaseSC|Any CPU
	EndGlobalSection
	GlobalSection(SolutionProperties) = preSolution
		HideSolutionNode = FALSE
	EndGlobalSection
	GlobalSection(ExtensibilityGlobals) = postSolution
		SolutionGuid = {614F057F-B95B-4BE3-B897-75C898DAA72F}
	EndGlobalSection
EndGlobal
